# This file was autogenerated by uv via the following command:
#    uv pip compile requirements.txt --override overrides.txt --universal --python-version 3.14 -o requirements.lock
annotated-doc==0.0.5
    # via fastapi
annotated-types==0.8.0
    # via pydantic
antlr4-python3-runtime==4.9.3
    # via omegaconf
anyio==4.15.1
    # via
    #   starlette
    #   watchfiles
certifi==2026.7.22
    # via requests
charset-normalizer==3.5.1
    # via requests
click==8.5.0
    # via uvicorn
colorama==0.4.6 ; sys_platform == 'win32'
    # via
    #   colorlog
    #   tqdm
colorlog==6.12.0
    # via rapidocr
fastapi==0.141.1
    # via -r requirements.txt
flatbuffers==25.12.19
    # via onnxruntime
h11==0.16.0
    # via uvicorn
httptools==0.8.0
    # via uvicorn
idna==3.19
    # via
    #   anyio
    #   requests
numpy==2.5.3
    # via
    #   -r requirements.txt
    #   onnxruntime
    #   opencv-python
    #   opencv-python-headless
    #   rapidocr
    #   shapely
omegaconf==2.3.1
    # via rapidocr
onnxruntime==1.30.0
    # via -r requirements.txt
opencv-python==5.0.0.93 ; sys_platform == 'never'
    # via
    #   --override overrides.txt
    #   rapidocr
opencv-python-headless==5.0.0.93
    # via -r requirements.txt
packaging==26.3
    # via onnxruntime
pillow==12.3.0
    # via
    #   -r requirements.txt
    #   rapidocr
protobuf==7.36.1
    # via onnxruntime
psycopg==3.3.5
    # via -r requirements.txt
psycopg-binary==3.3.5 ; implementation_name != 'pypy'
    # via psycopg
psycopg-pool==3.3.1
    # via -r requirements.txt
pyclipper==1.4.0
    # via rapidocr
pydantic==2.13.5
    # via fastapi
pydantic-core==2.46.5
    # via pydantic
python-dotenv==1.2.3
    # via uvicorn
python-multipart==0.0.32
    # via -r requirements.txt
pyyaml==6.0.3
    # via
    #   omegaconf
    #   rapidocr
    #   uvicorn
rapidfuzz==3.14.6
    # via -r requirements.txt
rapidocr==3.9.2
    # via -r requirements.txt
requests==2.34.2
    # via rapidocr
shapely==2.1.2
    # via rapidocr
six==1.17.0
    # via rapidocr
starlette==1.6.0
    # via fastapi
tqdm==4.70.1
    # via rapidocr
typing-extensions==4.16.0
    # via
    #   anyio
    #   fastapi
    #   psycopg-pool
    #   pydantic
    #   pydantic-core
    #   typing-inspection
typing-inspection==0.4.4
    # via
    #   fastapi
    #   pydantic
tzdata==2026.3 ; sys_platform == 'win32'
    # via psycopg
urllib3==2.7.0
    # via requests
uvicorn==0.52.4
    # via -r requirements.txt
uvloop==0.22.1 ; platform_python_implementation != 'PyPy' and sys_platform != 'cygwin' and sys_platform != 'win32'
    # via uvicorn
watchfiles==1.2.0
    # via uvicorn
websockets==17.1
    # via uvicorn
